
Microsoft Visual Studio Solution File, Format Version 12.00
# Visual Studio Version 16
VisualStudioVersion = 16.0.29418.71
MinimumVisualStudioVersion = 10.0.40219.1
Project("{FAE04EC0-301F-11D3-BF4B-00C04F79EFBC}") = "Nocubeless Game", "Nocubeless Game\Nocubeless Game.csproj", "{95E47F7B-A5CB-4C42-BE89-FC2AE644E8C8}"
EndProject
Project("{2150E333-8FDC-42A3-9474-1A3956D46DE8}") = "Solution Items", "Solution Items", "{3488EB75-99E9-4EAC-BFDB-930DE39C9ADC}"
	ProjectSection(SolutionItems) = preProject
		Color Picker mise au point.txt = Color Picker mise au point.txt
		Nocubeless Game\bin\Debug\save.nclws = Nocubeless Game\bin\Debug\save.nclws
		Ultimate Nocubeless Bug List.txt = Ultimate Nocubeless Bug List.txt
		Ultimate Nocubeless To-Do List.txt = Ultimate Nocubeless To-Do List.txt
	EndProjectSection
EndProject
Global
	GlobalSection(SolutionConfigurationPlatforms) = preSolution
		Debug|Any CPU = Debug|Any CPU
		Release|Any CPU = Release|Any CPU
	EndGlobalSection
	GlobalSection(ProjectConfigurationPlatforms) = postSolution
		{95E47F7B-A5CB-4C42-BE89-FC2AE644E8C8}.Debug|Any CPU.ActiveCfg = Debug|Any CPU
		{95E47F7B-A5CB-4C42-BE89-FC2AE644E8C8}.Debug|Any CPU.Build.0 = Debug|Any CPU
		{95E47F7B-A5CB-4C42-BE89-FC2AE644E8C8}.Release|Any CPU.ActiveCfg = Release|Any CPU
		{95E47F7B-A5CB-4C42-BE89-FC2AE644E8C8}.Release|Any CPU.Build.0 = Release|Any CPU
	EndGlobalSection
	GlobalSection(SolutionProperties) = preSolution
		HideSolutionNode = FALSE
	EndGlobalSection
	GlobalSection(ExtensibilityGlobals) = postSolution
		SolutionGuid = {936B2627-33B2-4802-B743-D206FE3A63BB}
	EndGlobalSection
EndGlobal
